
Microsoft Visual Studio Solution File, Format Version 12.00
Project("{FAE04EC0-301F-11D3-BF4B-00C04F79EFBC}") = "Lab 6", "Lab 6.csproj", "{7D56EB50-0E86-4FE1-9B56-70BA8FF02B9C}"
EndProject
Global
	GlobalSection(SolutionConfigurationPlatforms) = preSolution
		Debug|Any CPU = Debug|Any CPU
		Release|Any CPU = Release|Any CPU
	EndGlobalSection
	GlobalSection(ProjectConfigurationPlatforms) = postSolution
		{7D56EB50-0E86-4FE1-9B56-70BA8FF02B9C}.Debug|Any CPU.ActiveCfg = Debug|Any CPU
		{7D56EB50-0E86-4FE1-9B56-70BA8FF02B9C}.Debug|Any CPU.Build.0 = Debug|Any CPU
		{7D56EB50-0E86-4FE1-9B56-70BA8FF02B9C}.Release|Any CPU.ActiveCfg = Release|Any CPU
		{7D56EB50-0E86-4FE1-9B56-70BA8FF02B9C}.Release|Any CPU.Build.0 = Release|Any CPU
	EndGlobalSection
EndGlobal
